{
  "name": "06.mobx",
  "lockfileVersion": 2,
  "requires": true,
  "packages": {
    "": {
      "dependencies": {
        "mobx": "^6.12.0"
      }
    },
    "node_modules/mobx": {
      "version": "6.12.0",
      "resolved": "https://registry.npmjs.org/mobx/-/mobx-6.12.0.tgz",
      "integrity": "sha512-Mn6CN6meXEnMa0a5u6a5+RKrqRedHBhZGd15AWLk9O6uFY4KYHzImdt8JI8WODo1bjTSRnwXhJox+FCUZhCKCQ==",
      "funding": {
        "type": "opencollective",
        "url": "https://opencollective.com/mobx"
      }
    }
  },
  "dependencies": {
    "mobx": {
      "version": "6.12.0",
      "resolved": "https://registry.npmjs.org/mobx/-/mobx-6.12.0.tgz",
      "integrity": "sha512-Mn6CN6meXEnMa0a5u6a5+RKrqRedHBhZGd15AWLk9O6uFY4KYHzImdt8JI8WODo1bjTSRnwXhJox+FCUZhCKCQ=="
    }
  }
}
